
Microsoft Visual Studio Solution File, Format Version 12.00
# Visual Studio Version 17
VisualStudioVersion = 17.9.34723.18
MinimumVisualStudioVersion = 10.0.40219.1
Project("{FAE04EC0-301F-11D3-BF4B-00C04F79EFBC}") = "Simplify", "Simplify.csproj", "{3E9AC56D-D440-4986-AE1A-DA09B62744A8}"
EndProject
Global
	GlobalSection(SolutionConfigurationPlatforms) = preSolution
		Debug|Any CPU = Debug|Any CPU
		Release|Any CPU = Release|Any CPU
	EndGlobalSection
	GlobalSection(ProjectConfigurationPlatforms) = postSolution
		{3E9AC56D-D440-4986-AE1A-DA09B62744A8}.Debug|Any CPU.ActiveCfg = Debug|Any CPU
		{3E9AC56D-D440-4986-AE1A-DA09B62744A8}.Debug|Any CPU.Build.0 = Debug|Any CPU
		{3E9AC56D-D440-4986-AE1A-DA09B62744A8}.Release|Any CPU.ActiveCfg = Release|Any CPU
		{3E9AC56D-D440-4986-AE1A-DA09B62744A8}.Release|Any CPU.Build.0 = Release|Any CPU
	EndGlobalSection
	GlobalSection(SolutionProperties) = preSolution
		HideSolutionNode = FALSE
	EndGlobalSection
	GlobalSection(ExtensibilityGlobals) = postSolution
		SolutionGuid = {AA7141FC-2380-40EE-8AD3-6DC0E49C5D19}
	EndGlobalSection
EndGlobal
